
Microsoft Visual Studio Solution File, Format Version 12.00
# Visual Studio 14
VisualStudioVersion = 14.0.24720.0
MinimumVisualStudioVersion = 10.0.40219.1
Project("{FAE04EC0-301F-11D3-BF4B-00C04F79EFBC}") = "DoorControl", "DoorControl\DoorControl.csproj", "{59A6F91D-28B2-4473-B3E2-DFA6E485936C}"
EndProject
Project("{FAE04EC0-301F-11D3-BF4B-00C04F79EFBC}") = "DoorControl.Test.Unit", "DoorControl.Test.Unit\DoorControl.Test.Unit.csproj", "{D7BE489D-3F70-4212-8A07-3F8C3A9A9702}"
EndProject
Project("{FAE04EC0-301F-11D3-BF4B-00C04F79EFBC}") = "DoorControl.Defaults", "DoorControl.Defaults\DoorControl.Defaults.csproj", "{687E3FD0-BBC7-47A7-8163-456C9E205480}"
EndProject
Global
	GlobalSection(SolutionConfigurationPlatforms) = preSolution
		Debug|Any CPU = Debug|Any CPU
		Release|Any CPU = Release|Any CPU
	EndGlobalSection
	GlobalSection(ProjectConfigurationPlatforms) = postSolution
		{59A6F91D-28B2-4473-B3E2-DFA6E485936C}.Debug|Any CPU.ActiveCfg = Debug|Any CPU
		{59A6F91D-28B2-4473-B3E2-DFA6E485936C}.Debug|Any CPU.Build.0 = Debug|Any CPU
		{59A6F91D-28B2-4473-B3E2-DFA6E485936C}.Release|Any CPU.ActiveCfg = Release|Any CPU
		{59A6F91D-28B2-4473-B3E2-DFA6E485936C}.Release|Any CPU.Build.0 = Release|Any CPU
		{D7BE489D-3F70-4212-8A07-3F8C3A9A9702}.Debug|Any CPU.ActiveCfg = Debug|Any CPU
		{D7BE489D-3F70-4212-8A07-3F8C3A9A9702}.Debug|Any CPU.Build.0 = Debug|Any CPU
		{D7BE489D-3F70-4212-8A07-3F8C3A9A9702}.Release|Any CPU.ActiveCfg = Release|Any CPU
		{D7BE489D-3F70-4212-8A07-3F8C3A9A9702}.Release|Any CPU.Build.0 = Release|Any CPU
		{687E3FD0-BBC7-47A7-8163-456C9E205480}.Debug|Any CPU.ActiveCfg = Debug|Any CPU
		{687E3FD0-BBC7-47A7-8163-456C9E205480}.Debug|Any CPU.Build.0 = Debug|Any CPU
		{687E3FD0-BBC7-47A7-8163-456C9E205480}.Release|Any CPU.ActiveCfg = Release|Any CPU
		{687E3FD0-BBC7-47A7-8163-456C9E205480}.Release|Any CPU.Build.0 = Release|Any CPU
	EndGlobalSection
	GlobalSection(SolutionProperties) = preSolution
		HideSolutionNode = FALSE
	EndGlobalSection
EndGlobal
