
Microsoft Visual Studio Solution File, Format Version 12.00
# Visual Studio 14
VisualStudioVersion = 14.0.24720.0
MinimumVisualStudioVersion = 10.0.40219.1
Project("{2150E333-8FDC-42A3-9474-1A3956D46DE8}") = "Solution Items", "Solution Items", "{B5CABD59-540F-4FA8-B8A3-17B419172AE8}"
EndProject
Project("{FAE04EC0-301F-11D3-BF4B-00C04F79EFBC}") = "ECS.Testable.Test.Unit", "ECS.Testable.Test.Unit\ECS.Testable.Test.Unit.csproj", "{35AA0AED-B90E-4AB4-947C-FB04D264785C}"
EndProject
Project("{FAE04EC0-301F-11D3-BF4B-00C04F79EFBC}") = "ECS.Testable", "ECS.Testable\ECS.Testable.csproj", "{D3A5311E-092B-42B8-96E2-52ACE6BD28F1}"
EndProject
Project("{F088123C-0E9E-452A-89E6-6BA2F21D5CAC}") = "ECS.Testable.Design", "ECS.Testable.Design\ECS.Testable.Design.modelproj", "{2D552D95-3CC3-4F65-9686-A2898CE71004}"
EndProject
Global
	GlobalSection(SolutionConfigurationPlatforms) = preSolution
		Debug|Any CPU = Debug|Any CPU
		Release|Any CPU = Release|Any CPU
	EndGlobalSection
	GlobalSection(ProjectConfigurationPlatforms) = postSolution
		{35AA0AED-B90E-4AB4-947C-FB04D264785C}.Debug|Any CPU.ActiveCfg = Debug|Any CPU
		{35AA0AED-B90E-4AB4-947C-FB04D264785C}.Debug|Any CPU.Build.0 = Debug|Any CPU
		{35AA0AED-B90E-4AB4-947C-FB04D264785C}.Release|Any CPU.ActiveCfg = Release|Any CPU
		{35AA0AED-B90E-4AB4-947C-FB04D264785C}.Release|Any CPU.Build.0 = Release|Any CPU
		{D3A5311E-092B-42B8-96E2-52ACE6BD28F1}.Debug|Any CPU.ActiveCfg = Debug|Any CPU
		{D3A5311E-092B-42B8-96E2-52ACE6BD28F1}.Debug|Any CPU.Build.0 = Debug|Any CPU
		{D3A5311E-092B-42B8-96E2-52ACE6BD28F1}.Release|Any CPU.ActiveCfg = Release|Any CPU
		{D3A5311E-092B-42B8-96E2-52ACE6BD28F1}.Release|Any CPU.Build.0 = Release|Any CPU
		{2D552D95-3CC3-4F65-9686-A2898CE71004}.Debug|Any CPU.ActiveCfg = Debug|Any CPU
		{2D552D95-3CC3-4F65-9686-A2898CE71004}.Debug|Any CPU.Build.0 = Debug|Any CPU
		{2D552D95-3CC3-4F65-9686-A2898CE71004}.Release|Any CPU.ActiveCfg = Release|Any CPU
		{2D552D95-3CC3-4F65-9686-A2898CE71004}.Release|Any CPU.Build.0 = Release|Any CPU
	EndGlobalSection
	GlobalSection(SolutionProperties) = preSolution
		HideSolutionNode = FALSE
	EndGlobalSection
EndGlobal
