
Microsoft Visual Studio Solution File, Format Version 12.00
# Visual Studio 2012
VisualStudioVersion = 12.0.30501.0
MinimumVisualStudioVersion = 10.0.40219.1
Project("{FAE04EC0-301F-11D3-BF4B-00C04F79EFBC}") = "SchedulerHandout", "SchedulerHandout\SchedulerHandout.csproj", "{1F08240A-A0C5-4200-8BF9-AD287F9CB5D0}"
EndProject
Project("{FAE04EC0-301F-11D3-BF4B-00C04F79EFBC}") = "Scheduler.Test.Unit", "Scheduler.Test.Unit\Scheduler.Test.Unit.csproj", "{F7D30876-F650-47B8-8810-22AE357D4BB0}"
EndProject
Global
	GlobalSection(SolutionConfigurationPlatforms) = preSolution
		Debug|Any CPU = Debug|Any CPU
		Release|Any CPU = Release|Any CPU
	EndGlobalSection
	GlobalSection(ProjectConfigurationPlatforms) = postSolution
		{1F08240A-A0C5-4200-8BF9-AD287F9CB5D0}.Debug|Any CPU.ActiveCfg = Debug|Any CPU
		{1F08240A-A0C5-4200-8BF9-AD287F9CB5D0}.Debug|Any CPU.Build.0 = Debug|Any CPU
		{1F08240A-A0C5-4200-8BF9-AD287F9CB5D0}.Release|Any CPU.ActiveCfg = Release|Any CPU
		{1F08240A-A0C5-4200-8BF9-AD287F9CB5D0}.Release|Any CPU.Build.0 = Release|Any CPU
		{F7D30876-F650-47B8-8810-22AE357D4BB0}.Debug|Any CPU.ActiveCfg = Debug|Any CPU
		{F7D30876-F650-47B8-8810-22AE357D4BB0}.Debug|Any CPU.Build.0 = Debug|Any CPU
		{F7D30876-F650-47B8-8810-22AE357D4BB0}.Release|Any CPU.ActiveCfg = Release|Any CPU
		{F7D30876-F650-47B8-8810-22AE357D4BB0}.Release|Any CPU.Build.0 = Release|Any CPU
	EndGlobalSection
	GlobalSection(SolutionProperties) = preSolution
		HideSolutionNode = FALSE
	EndGlobalSection
EndGlobal
