
Microsoft Visual Studio Solution File, Format Version 12.00
# Visual Studio 14
VisualStudioVersion = 14.0.24720.0
MinimumVisualStudioVersion = 10.0.40219.1
Project("{FAE04EC0-301F-11D3-BF4B-00C04F79EFBC}") = "Grundfos.Connection", "Grundfos.Connection\Grundfos.Connection.csproj", "{485E1188-54D1-43C1-816D-AAFEE6F91524}"
EndProject
Global
	GlobalSection(SolutionConfigurationPlatforms) = preSolution
		Debug|Any CPU = Debug|Any CPU
		Release|Any CPU = Release|Any CPU
	EndGlobalSection
	GlobalSection(ProjectConfigurationPlatforms) = postSolution
		{485E1188-54D1-43C1-816D-AAFEE6F91524}.Debug|Any CPU.ActiveCfg = Debug|Any CPU
		{485E1188-54D1-43C1-816D-AAFEE6F91524}.Debug|Any CPU.Build.0 = Debug|Any CPU
		{485E1188-54D1-43C1-816D-AAFEE6F91524}.Release|Any CPU.ActiveCfg = Release|Any CPU
		{485E1188-54D1-43C1-816D-AAFEE6F91524}.Release|Any CPU.Build.0 = Release|Any CPU
	EndGlobalSection
	GlobalSection(SolutionProperties) = preSolution
		HideSolutionNode = FALSE
	EndGlobalSection
EndGlobal
